// !$*UTF8*$!
{
	archiveVersion = 1;
	classes = {
	};
	objectVersion = 50;
	objects = {

/* Begin PBXBuildFile section */
		820842F925E372A500910B9D /* AppDelegate.swift in Sources */ = {isa = PBXBuildFile; fileRef = 820842F825E372A500910B9D /* AppDelegate.swift */; };
		820842FB25E372A500910B9D /* SceneDelegate.swift in Sources */ = {isa = PBXBuildFile; fileRef = 820842FA25E372A500910B9D /* SceneDelegate.swift */; };
		820842FD25E372A500910B9D /* ViewController.swift in Sources */ = {isa = PBXBuildFile; fileRef = 820842FC25E372A500910B9D /* ViewController.swift */; };
		8208430025E372A500910B9D /* Main.storyboard in Resources */ = {isa = PBXBuildFile; fileRef = 820842FE25E372A500910B9D /* Main.storyboard */; };
		8208430225E372A600910B9D /* Assets.xcassets in Resources */ = {isa = PBXBuildFile; fileRef = 8208430125E372A600910B9D /* Assets.xcassets */; };
		8208430525E372A600910B9D /* LaunchScreen.storyboard in Resources */ = {isa = PBXBuildFile; fileRef = 8208430325E372A600910B9D /* LaunchScreen.storyboard */; };
		82115A5225E4C01900BB1EBD /* Video.swift in Sources */ = {isa = PBXBuildFile; fileRef = 82115A5125E4C01900BB1EBD /* Video.swift */; };
		82115A5525E4C05300BB1EBD /* Model.swift in Sources */ = {isa = PBXBuildFile; fileRef = 82115A5425E4C05300BB1EBD /* Model.swift */; };
		82115A5825E4C67400BB1EBD /* Constants.swift in Sources */ = {isa = PBXBuildFile; fileRef = 82115A5725E4C67400BB1EBD /* Constants.swift */; };
		82115A5D25E4C77C00BB1EBD /* ConstantsTemplate.swift in Sources */ = {isa = PBXBuildFile; fileRef = 82115A5C25E4C77C00BB1EBD /* ConstantsTemplate.swift */; };
/* End PBXBuildFile section */

/* Begin PBXFileReference section */
		820842F525E372A500910B9D /* youtubeApp.app */ = {isa = PBXFileReference; explicitFileType = wrapper.application; includeInIndex = 0; path = youtubeApp.app; sourceTree = BUILT_PRODUCTS_DIR; };
		820842F825E372A500910B9D /* AppDelegate.swift */ = {isa = PBXFileReference; lastKnownFileType = sourcecode.swift; path = AppDelegate.swift; sourceTree = "<group>"; };
		820842FA25E372A500910B9D /* SceneDelegate.swift */ = {isa = PBXFileReference; lastKnownFileType = sourcecode.swift; path = SceneDelegate.swift; sourceTree = "<group>"; };
		820842FC25E372A500910B9D /* ViewController.swift */ = {isa = PBXFileReference; lastKnownFileType = sourcecode.swift; path = ViewController.swift; sourceTree = "<group>"; };
		820842FF25E372A500910B9D /* Base */ = {isa = PBXFileReference; lastKnownFileType = file.storyboard; name = Base; path = Base.lproj/Main.storyboard; sourceTree = "<group>"; };
		8208430125E372A600910B9D /* Assets.xcassets */ = {isa = PBXFileReference; lastKnownFileType = folder.assetcatalog; path = Assets.xcassets; sourceTree = "<group>"; };
		8208430425E372A600910B9D /* Base */ = {isa = PBXFileReference; lastKnownFileType = file.storyboard; name = Base; path = Base.lproj/LaunchScreen.storyboard; sourceTree = "<group>"; };
		8208430625E372A600910B9D /* Info.plist */ = {isa = PBXFileReference; lastKnownFileType = text.plist.xml; path = Info.plist; sourceTree = "<group>"; };
		82115A5125E4C01900BB1EBD /* Video.swift */ = {isa = PBXFileReference; lastKnownFileType = sourcecode.swift; path = Video.swift; sourceTree = "<group>"; };
		82115A5425E4C05300BB1EBD /* Model.swift */ = {isa = PBXFileReference; lastKnownFileType = sourcecode.swift; path = Model.swift; sourceTree = "<group>"; };
		82115A5725E4C67400BB1EBD /* Constants.swift */ = {isa = PBXFileReference; lastKnownFileType = sourcecode.swift; path = Constants.swift; sourceTree = "<group>"; };
		82115A5C25E4C77C00BB1EBD /* ConstantsTemplate.swift */ = {isa = PBXFileReference; lastKnownFileType = sourcecode.swift; path = ConstantsTemplate.swift; sourceTree = "<group>"; };
/* End PBXFileReference section */

/* Begin PBXFrameworksBuildPhase section */
		820842F225E372A500910B9D /* Frameworks */ = {
			isa = PBXFrameworksBuildPhase;
			buildActionMask = 2147483647;
			files = (
			);
			runOnlyForDeploymentPostprocessing = 0;
		};
/* End PBXFrameworksBuildPhase section */

/* Begin PBXGroup section */
		820842EC25E372A500910B9D = {
			isa = PBXGroup;
			children = (
				820842F725E372A500910B9D /* youtubeApp */,
				820842F625E372A500910B9D /* Products */,
			);
			sourceTree = "<group>";
		};
		820842F625E372A500910B9D /* Products */ = {
			isa = PBXGroup;
			children = (
				820842F525E372A500910B9D /* youtubeApp.app */,
			);
			name = Products;
			sourceTree = "<group>";
		};
		820842F725E372A500910B9D /* youtubeApp */ = {
			isa = PBXGroup;
			children = (
				820842F825E372A500910B9D /* AppDelegate.swift */,
				820842FA25E372A500910B9D /* SceneDelegate.swift */,
				820842FC25E372A500910B9D /* ViewController.swift */,
				820842FE25E372A500910B9D /* Main.storyboard */,
				8208430125E372A600910B9D /* Assets.xcassets */,
				8208430325E372A600910B9D /* LaunchScreen.storyboard */,
				8208430625E372A600910B9D /* Info.plist */,
				82115A5125E4C01900BB1EBD /* Video.swift */,
				82115A5425E4C05300BB1EBD /* Model.swift */,
				82115A5725E4C67400BB1EBD /* Constants.swift */,
				82115A5C25E4C77C00BB1EBD /* ConstantsTemplate.swift */,
			);
			path = youtubeApp;
			sourceTree = "<group>";
		};
/* End PBXGroup section */

/* Begin PBXNativeTarget section */
		820842F425E372A500910B9D /* youtubeApp */ = {
			isa = PBXNativeTarget;
			buildConfigurationList = 8208430925E372A600910B9D /* Build configuration list for PBXNativeTarget "youtubeApp" */;
			buildPhases = (
				820842F125E372A500910B9D /* Sources */,
				820842F225E372A500910B9D /* Frameworks */,
				820842F325E372A500910B9D /* Resources */,
			);
			buildRules = (
			);
			dependencies = (
			);
			name = youtubeApp;
			productName = youtubeApp;
			productReference = 820842F525E372A500910B9D /* youtubeApp.app */;
			productType = "com.apple.product-type.application";
		};
/* End PBXNativeTarget section */

/* Begin PBXProject section */
		820842ED25E372A500910B9D /* Project object */ = {
			isa = PBXProject;
			attributes = {
				LastSwiftUpdateCheck = 1240;
				LastUpgradeCheck = 1240;
				TargetAttributes = {
					820842F425E372A500910B9D = {
						CreatedOnToolsVersion = 12.4;
					};
				};
			};
			buildConfigurationList = 820842F025E372A500910B9D /* Build configuration list for PBXProject "youtubeApp" */;
			compatibilityVersion = "Xcode 9.3";
			developmentRegion = en;
			hasScannedForEncodings = 0;
			knownRegions = (
				en,
				Base,
			);
			mainGroup = 820842EC25E372A500910B9D;
			productRefGroup = 820842F625E372A500910B9D /* Products */;
			projectDirPath = "";
			projectRoot = "";
			targets = (
				820842F425E372A500910B9D /* youtubeApp */,
			);
		};
/* End PBXProject section */

/* Begin PBXResourcesBuildPhase section */
		820842F325E372A500910B9D /* Resources */ = {
			isa = PBXResourcesBuildPhase;
			buildActionMask = 2147483647;
			files = (
				8208430525E372A600910B9D /* LaunchScreen.storyboard in Resources */,
				8208430225E372A600910B9D /* Assets.xcassets in Resources */,
				8208430025E372A500910B9D /* Main.storyboard in Resources */,
			);
			runOnlyForDeploymentPostprocessing = 0;
		};
/* End PBXResourcesBuildPhase section */

/* Begin PBXSourcesBuildPhase section */
		820842F125E372A500910B9D /* Sources */ = {
			isa = PBXSourcesBuildPhase;
			buildActionMask = 2147483647;
			files = (
				82115A5D25E4C77C00BB1EBD /* ConstantsTemplate.swift in Sources */,
				820842FD25E372A500910B9D /* ViewController.swift in Sources */,
				820842F925E372A500910B9D /* AppDelegate.swift in Sources */,
				820842FB25E372A500910B9D /* SceneDelegate.swift in Sources */,
				82115A5525E4C05300BB1EBD /* Model.swift in Sources */,
				82115A5225E4C01900BB1EBD /* Video.swift in Sources */,
				82115A5825E4C67400BB1EBD /* Constants.swift in Sources */,
			);
			runOnlyForDeploymentPostprocessing = 0;
		};
/* End PBXSourcesBuildPhase section */

/* Begin PBXVariantGroup section */
		820842FE25E372A500910B9D /* Main.storyboard */ = {
			isa = PBXVariantGroup;
			children = (
				820842FF25E372A500910B9D /* Base */,
			);
			name = Main.storyboard;
			sourceTree = "<group>";
		};
		8208430325E372A600910B9D /* LaunchScreen.storyboard */ = {
			isa = PBXVariantGroup;
			children = (
				8208430425E372A600910B9D /* Base */,
			);
			name = LaunchScreen.storyboard;
			sourceTree = "<group>";
		};
/* End PBXVariantGroup section */

/* Begin XCBuildConfiguration section */
		8208430725E372A600910B9D /* Debug */ = {
			isa = XCBuildConfiguration;
			buildSettings = {
				ALWAYS_SEARCH_USER_PATHS = NO;
				CLANG_ANALYZER_NONNULL = YES;
				CLANG_ANALYZER_NUMBER_OBJECT_CONVERSION = YES_AGGRESSIVE;
				CLANG_CXX_LANGUAGE_STANDARD = "gnu++14";
				CLANG_CXX_LIBRARY = "libc++";
				CLANG_ENABLE_MODULES = YES;
				CLANG_ENABLE_OBJC_ARC = YES;
				CLANG_ENABLE_OBJC_WEAK = YES;
				CLANG_WARN_BLOCK_CAPTURE_AUTORELEASING = YES;
				CLANG_WARN_BOOL_CONVERSION = YES;
				CLANG_WARN_COMMA = YES;
				CLANG_WARN_CONSTANT_CONVERSION = YES;
				CLANG_WARN_DEPRECATED_OBJC_IMPLEMENTATIONS = YES;
				CLANG_WARN_DIRECT_OBJC_ISA_USAGE = YES_ERROR;
				CLANG_WARN_DOCUMENTATION_COMMENTS = YES;
				CLANG_WARN_EMPTY_BODY = YES;
				CLANG_WARN_ENUM_CONVERSION = YES;
				CLANG_WARN_INFINITE_RECURSION = YES;
				CLANG_WARN_INT_CONVERSION = YES;
				CLANG_WARN_NON_LITERAL_NULL_CONVERSION = YES;
				CLANG_WARN_OBJC_IMPLICIT_RETAIN_SELF = YES;
				CLANG_WARN_OBJC_LITERAL_CONVERSION = YES;
				CLANG_WARN_OBJC_ROOT_CLASS = YES_ERROR;
				CLANG_WARN_QUOTED_INCLUDE_IN_FRAMEWORK_HEADER = YES;
				CLANG_WARN_RANGE_LOOP_ANALYSIS = YES;
				CLANG_WARN_STRICT_PROTOTYPES = YES;
				CLANG_WARN_SUSPICIOUS_MOVE = YES;
				CLANG_WARN_UNGUARDED_AVAILABILITY = YES_AGGRESSIVE;
				CLANG_WARN_UNREACHABLE_CODE = YES;
				CLANG_WARN__DUPLICATE_METHOD_MATCH = YES;
				COPY_PHASE_STRIP = NO;
				DEBUG_INFORMATION_FORMAT = dwarf;
				ENABLE_STRICT_OBJC_MSGSEND = YES;
				ENABLE_TESTABILITY = YES;
				GCC_C_LANGUAGE_STANDARD = gnu11;
				GCC_DYNAMIC_NO_PIC = NO;
				GCC_NO_COMMON_BLOCKS = YES;
				GCC_OPTIMIZATION_LEVEL = 0;
				GCC_PREPROCESSOR_DEFINITIONS = (
					"DEBUG=1",
					"$(inherited)",
				);
				GCC_WARN_64_TO_32_BIT_CONVERSION = YES;
				GCC_WARN_ABOUT_RETURN_TYPE = YES_ERROR;
				GCC_WARN_UNDECLARED_SELECTOR = YES;
				GCC_WARN_UNINITIALIZED_AUTOS = YES_AGGRESSIVE;
				GCC_WARN_UNUSED_FUNCTION = YES;
				GCC_WARN_UNUSED_VARIABLE = YES;
				IPHONEOS_DEPLOYMENT_TARGET = 14.4;
				MTL_ENABLE_DEBUG_INFO = INCLUDE_SOURCE;
				MTL_FAST_MATH = YES;
				ONLY_ACTIVE_ARCH = YES;
				SDKROOT = iphoneos;
				SWIFT_ACTIVE_COMPILATION_CONDITIONS = DEBUG;
				SWIFT_OPTIMIZATION_LEVEL = "-Onone";
			};
			name = Debug;
		};
		8208430825E372A600910B9D /* Release */ = {
			isa = XCBuildConfiguration;
			buildSettings = {
				ALWAYS_SEARCH_USER_PATHS = NO;
				CLANG_ANALYZER_NONNULL = YES;
				CLANG_ANALYZER_NUMBER_OBJECT_CONVERSION = YES_AGGRESSIVE;
				CLANG_CXX_LANGUAGE_STANDARD = "gnu++14";
				CLANG_CXX_LIBRARY = "libc++";
				CLANG_ENABLE_MODULES = YES;
				CLANG_ENABLE_OBJC_ARC = YES;
				CLANG_ENABLE_OBJC_WEAK = YES;
				CLANG_WARN_BLOCK_CAPTURE_AUTORELEASING = YES;
				CLANG_WARN_BOOL_CONVERSION = YES;
				CLANG_WARN_COMMA = YES;
				CLANG_WARN_CONSTANT_CONVERSION = YES;
				CLANG_WARN_DEPRECATED_OBJC_IMPLEMENTATIONS = YES;
				CLANG_WARN_DIRECT_OBJC_ISA_USAGE = YES_ERROR;
				CLANG_WARN_DOCUMENTATION_COMMENTS = YES;
				CLANG_WARN_EMPTY_BODY = YES;
				CLANG_WARN_ENUM_CONVERSION = YES;
				CLANG_WARN_INFINITE_RECURSION = YES;
				CLANG_WARN_INT_CONVERSION = YES;
				CLANG_WARN_NON_LITERAL_NULL_CONVERSION = YES;
				CLANG_WARN_OBJC_IMPLICIT_RETAIN_SELF = YES;
				CLANG_WARN_OBJC_LITERAL_CONVERSION = YES;
				CLANG_WARN_OBJC_ROOT_CLASS = YES_ERROR;
				CLANG_WARN_QUOTED_INCLUDE_IN_FRAMEWORK_HEADER = YES;
				CLANG_WARN_RANGE_LOOP_ANALYSIS = YES;
				CLANG_WARN_STRICT_PROTOTYPES = YES;
				CLANG_WARN_SUSPICIOUS_MOVE = YES;
				CLANG_WARN_UNGUARDED_AVAILABILITY = YES_AGGRESSIVE;
				CLANG_WARN_UNREACHABLE_CODE = YES;
				CLANG_WARN__DUPLICATE_METHOD_MATCH = YES;
				COPY_PHASE_STRIP = NO;
				DEBUG_INFORMATION_FORMAT = "dwarf-with-dsym";
				ENABLE_NS_ASSERTIONS = NO;
				ENABLE_STRICT_OBJC_MSGSEND = YES;
				GCC_C_LANGUAGE_STANDARD = gnu11;
				GCC_NO_COMMON_BLOCKS = YES;
				GCC_WARN_64_TO_32_BIT_CONVERSION = YES;
				GCC_WARN_ABOUT_RETURN_TYPE = YES_ERROR;
				GCC_WARN_UNDECLARED_SELECTOR = YES;
				GCC_WARN_UNINITIALIZED_AUTOS = YES_AGGRESSIVE;
				GCC_WARN_UNUSED_FUNCTION = YES;
				GCC_WARN_UNUSED_VARIABLE = YES;
				IPHONEOS_DEPLOYMENT_TARGET = 14.4;
				MTL_ENABLE_DEBUG_INFO = NO;
				MTL_FAST_MATH = YES;
				SDKROOT = iphoneos;
				SWIFT_COMPILATION_MODE = wholemodule;
				SWIFT_OPTIMIZATION_LEVEL = "-O";
				VALIDATE_PRODUCT = YES;
			};
			name = Release;
		};
		8208430A25E372A600910B9D /* Debug */ = {
			isa = XCBuildConfiguration;
			buildSettings = {
				ASSETCATALOG_COMPILER_APPICON_NAME = AppIcon;
				ASSETCATALOG_COMPILER_GLOBAL_ACCENT_COLOR_NAME = AccentColor;
				CODE_SIGN_STYLE = Automatic;
				DEVELOPMENT_TEAM = 59NK96YK5V;
				INFOPLIST_FILE = youtubeApp/Info.plist;
				LD_RUNPATH_SEARCH_PATHS = (
					"$(inherited)",
					"@executable_path/Frameworks",
				);
				PRODUCT_BUNDLE_IDENTIFIER = com.kkt.youtubeApp;
				PRODUCT_NAME = "$(TARGET_NAME)";
				SWIFT_VERSION = 5.0;
				TARGETED_DEVICE_FAMILY = "1,2";
			};
			name = Debug;
		};
		8208430B25E372A600910B9D /* Release */ = {
			isa = XCBuildConfiguration;
			buildSettings = {
				ASSETCATALOG_COMPILER_APPICON_NAME = AppIcon;
				ASSETCATALOG_COMPILER_GLOBAL_ACCENT_COLOR_NAME = AccentColor;
				CODE_SIGN_STYLE = Automatic;
				DEVELOPMENT_TEAM = 59NK96YK5V;
				INFOPLIST_FILE = youtubeApp/Info.plist;
				LD_RUNPATH_SEARCH_PATHS = (
					"$(inherited)",
					"@executable_path/Frameworks",
				);
				PRODUCT_BUNDLE_IDENTIFIER = com.kkt.youtubeApp;
				PRODUCT_NAME = "$(TARGET_NAME)";
				SWIFT_VERSION = 5.0;
				TARGETED_DEVICE_FAMILY = "1,2";
			};
			name = Release;
		};
/* End XCBuildConfiguration section */

/* Begin XCConfigurationList section */
		820842F025E372A500910B9D /* Build configuration list for PBXProject "youtubeApp" */ = {
			isa = XCConfigurationList;
			buildConfigurations = (
				8208430725E372A600910B9D /* Debug */,
				8208430825E372A600910B9D /* Release */,
			);
			defaultConfigurationIsVisible = 0;
			defaultConfigurationName = Release;
		};
		8208430925E372A600910B9D /* Build configuration list for PBXNativeTarget "youtubeApp" */ = {
			isa = XCConfigurationList;
			buildConfigurations = (
				8208430A25E372A600910B9D /* Debug */,
				8208430B25E372A600910B9D /* Release */,
			);
			defaultConfigurationIsVisible = 0;
			defaultConfigurationName = Release;
		};
/* End XCConfigurationList section */
	};
	rootObject = 820842ED25E372A500910B9D /* Project object */;
}
